PODS:
  - OpenCV (3.1.0.1)
  - TesseractOCRiOS (4.0.0)

DEPENDENCIES:
  - OpenCV (~> 3.1.0.1)
  - TesseractOCRiOS (= 4.0.0)

SPEC REPOS:
  https://github.com/CocoaPods/Specs.git:
    - OpenCV
    - TesseractOCRiOS

SPEC CHECKSUMS:
  OpenCV: 41c4250e2b06a394d6fbb634b5fa622cdd846018
  TesseractOCRiOS: 90638afbe43d082433f2e76b384c7901d23956df

PODFILE CHECKSUM: f0d629e003796226a33b58ac5b0079071ebda5cc

COCOAPODS: 1.5.0
